// !$*UTF8*$!
{
	archiveVersion = 1;
	classes = {
	};
	objectVersion = 77;
	objects = {

/* Begin PBXBuildFile section */
		C4F7E4542F785E43009316FF /* Vimulator in Frameworks */ = {isa = PBXBuildFile; productRef = C4F7E4532F785E43009316FF /* Vimulator */; };
/* End PBXBuildFile section */

/* Begin PBXContainerItemProxy section */
		C4F7E4352F785DE3009316FF /* PBXContainerItemProxy */ = {
			isa = PBXContainerItemProxy;
			containerPortal = C4F7E41F2F785DE2009316FF /* Project object */;
			proxyType = 1;
			remoteGlobalIDString = C4F7E4262F785DE2009316FF;
			remoteInfo = VimulatorExample;
		};
		C4F7E43F2F785DE3009316FF /* PBXContainerItemProxy */ = {
			isa = PBXContainerItemProxy;
			containerPortal = C4F7E41F2F785DE2009316FF /* Project object */;
			proxyType = 1;
			remoteGlobalIDString = C4F7E4262F785DE2009316FF;
			remoteInfo = VimulatorExample;
		};
/* End PBXContainerItemProxy section */

/* Begin PBXFileReference section */
		C4F7E4272F785DE2009316FF /* VimulatorExample.app */ = {isa = PBXFileReference; explicitFileType = wrapper.application; includeInIndex = 0; path = VimulatorExample.app; sourceTree = BUILT_PRODUCTS_DIR; };
		C4F7E4342F785DE3009316FF /* VimulatorExampleTests.xctest */ = {isa = PBXFileReference; explicitFileType = wrapper.cfbundle; includeInIndex = 0; path = VimulatorExampleTests.xctest; sourceTree = BUILT_PRODUCTS_DIR; };
		C4F7E43E2F785DE3009316FF /* VimulatorExampleUITests.xctest */ = {isa = PBXFileReference; explicitFileType = wrapper.cfbundle; includeInIndex = 0; path = VimulatorExampleUITests.xctest; sourceTree = BUILT_PRODUCTS_DIR; };
/* End PBXFileReference section */

/* Begin PBXFileSystemSynchronizedRootGroup section */
		C4F7E4292F785DE2009316FF /* VimulatorExample */ = {
			isa = PBXFileSystemSynchronizedRootGroup;
			path = VimulatorExample;
			sourceTree = "<group>";
		};
		C4F7E4372F785DE3009316FF /* VimulatorExampleTests */ = {
			isa = PBXFileSystemSynchronizedRootGroup;
			path = VimulatorExampleTests;
			sourceTree = "<group>";
		};
		C4F7E4412F785DE3009316FF /* VimulatorExampleUITests */ = {
			isa = PBXFileSystemSynchronizedRootGroup;
			path = VimulatorExampleUITests;
			sourceTree = "<group>";
		};
/* End PBXFileSystemSynchronizedRootGroup section */

/* Begin PBXFrameworksBuildPhase section */
		C4F7E4242F785DE2009316FF /* Frameworks */ = {
			isa = PBXFrameworksBuildPhase;
			buildActionMask = 2147483647;
			files = (
				C4F7E4542F785E43009316FF /* Vimulator in Frameworks */,
			);
			runOnlyForDeploymentPostprocessing = 0;
		};
		C4F7E4312F785DE3009316FF /* Frameworks */ = {
			isa = PBXFrameworksBuildPhase;
			buildActionMask = 2147483647;
			files = (
			);
			runOnlyForDeploymentPostprocessing = 0;
		};
		C4F7E43B2F785DE3009316FF /* Frameworks */ = {
			isa = PBXFrameworksBuildPhase;
			buildActionMask = 2147483647;
			files = (
			);
			runOnlyForDeploymentPostprocessing = 0;
		};
/* End PBXFrameworksBuildPhase section */

/* Begin PBXGroup section */
		C4F7E41E2F785DE2009316FF = {
			isa = PBXGroup;
			children = (
				C4F7E4292F785DE2009316FF /* VimulatorExample */,
				C4F7E4372F785DE3009316FF /* VimulatorExampleTests */,
				C4F7E4412F785DE3009316FF /* VimulatorExampleUITests */,
				C4F7E4522F785E43009316FF /* Frameworks */,
				C4F7E4282F785DE2009316FF /* Products */,
			);
			sourceTree = "<group>";
		};
		C4F7E4282F785DE2009316FF /* Products */ = {
			isa = PBXGroup;
			children = (
				C4F7E4272F785DE2009316FF /* VimulatorExample.app */,
				C4F7E4342F785DE3009316FF /* VimulatorExampleTests.xctest */,
				C4F7E43E2F785DE3009316FF /* VimulatorExampleUITests.xctest */,
			);
			name = Products;
			sourceTree = "<group>";
		};
		C4F7E4522F785E43009316FF /* Frameworks */ = {
			isa = PBXGroup;
			children = (
			);
			name = Frameworks;
			sourceTree = "<group>";
		};
/* End PBXGroup section */

/* Begin PBXNativeTarget section */
		C4F7E4262F785DE2009316FF /* VimulatorExample */ = {
			isa = PBXNativeTarget;
			buildConfigurationList = C4F7E4482F785DE3009316FF /* Build configuration list for PBXNativeTarget "VimulatorExample" */;
			buildPhases = (
				C4F7E4232F785DE2009316FF /* Sources */,
				C4F7E4242F785DE2009316FF /* Frameworks */,
				C4F7E4252F785DE2009316FF /* Resources */,
			);
			buildRules = (
			);
			dependencies = (
			);
			fileSystemSynchronizedGroups = (
				C4F7E4292F785DE2009316FF /* VimulatorExample */,
			);
			name = VimulatorExample;
			packageProductDependencies = (
				C4F7E4532F785E43009316FF /* Vimulator */,
			);
			productName = VimulatorExample;
			productReference = C4F7E4272F785DE2009316FF /* VimulatorExample.app */;
			productType = "com.apple.product-type.application";
		};
		C4F7E4332F785DE3009316FF /* VimulatorExampleTests */ = {
			isa = PBXNativeTarget;
			buildConfigurationList = C4F7E44B2F785DE3009316FF /* Build configuration list for PBXNativeTarget "VimulatorExampleTests" */;
			buildPhases = (
				C4F7E4302F785DE3009316FF /* Sources */,
				C4F7E4312F785DE3009316FF /* Frameworks */,
				C4F7E4322F785DE3009316FF /* Resources */,
			);
			buildRules = (
			);
			dependencies = (
				C4F7E4362F785DE3009316FF /* PBXTargetDependency */,
			);
			fileSystemSynchronizedGroups = (
				C4F7E4372F785DE3009316FF /* VimulatorExampleTests */,
			);
			name = VimulatorExampleTests;
			packageProductDependencies = (
			);
			productName = VimulatorExampleTests;
			productReference = C4F7E4342F785DE3009316FF /* VimulatorExampleTests.xctest */;
			productType = "com.apple.product-type.bundle.unit-test";
		};
		C4F7E43D2F785DE3009316FF /* VimulatorExampleUITests */ = {
			isa = PBXNativeTarget;
			buildConfigurationList = C4F7E44E2F785DE3009316FF /* Build configuration list for PBXNativeTarget "VimulatorExampleUITests" */;
			buildPhases = (
				C4F7E43A2F785DE3009316FF /* Sources */,
				C4F7E43B2F785DE3009316FF /* Frameworks */,
				C4F7E43C2F785DE3009316FF /* Resources */,
			);
			buildRules = (
			);
			dependencies = (
				C4F7E4402F785DE3009316FF /* PBXTargetDependency */,
			);
			fileSystemSynchronizedGroups = (
				C4F7E4412F785DE3009316FF /* VimulatorExampleUITests */,
			);
			name = VimulatorExampleUITests;
			packageProductDependencies = (
			);
			productName = VimulatorExampleUITests;
			productReference = C4F7E43E2F785DE3009316FF /* VimulatorExampleUITests.xctest */;
			productType = "com.apple.product-type.bundle.ui-testing";
		};
/* End PBXNativeTarget section */

/* Begin PBXProject section */
		C4F7E41F2F785DE2009316FF /* Project object */ = {
			isa = PBXProject;
			attributes = {
				BuildIndependentTargetsInParallel = 1;
				LastSwiftUpdateCheck = 2630;
				LastUpgradeCheck = 2630;
				TargetAttributes = {
					C4F7E4262F785DE2009316FF = {
						CreatedOnToolsVersion = 26.3;
					};
					C4F7E4332F785DE3009316FF = {
						CreatedOnToolsVersion = 26.3;
						TestTargetID = C4F7E4262F785DE2009316FF;
					};
					C4F7E43D2F785DE3009316FF = {
						CreatedOnToolsVersion = 26.3;
						TestTargetID = C4F7E4262F785DE2009316FF;
					};
				};
			};
			buildConfigurationList = C4F7E4222F785DE2009316FF /* Build configuration list for PBXProject "VimulatorExample" */;
			developmentRegion = en;
			hasScannedForEncodings = 0;
			knownRegions = (
				en,
				Base,
			);
			mainGroup = C4F7E41E2F785DE2009316FF;
			minimizedProjectReferenceProxies = 1;
			packageReferences = (
				C4F7E4512F785E30009316FF /* XCLocalSwiftPackageReference "../../../vimulator" */,
			);
			preferredProjectObjectVersion = 77;
			productRefGroup = C4F7E4282F785DE2009316FF /* Products */;
			projectDirPath = "";
			projectRoot = "";
			targets = (
				C4F7E4262F785DE2009316FF /* VimulatorExample */,
				C4F7E4332F785DE3009316FF /* VimulatorExampleTests */,
				C4F7E43D2F785DE3009316FF /* VimulatorExampleUITests */,
			);
		};
/* End PBXProject section */

/* Begin PBXResourcesBuildPhase section */
		C4F7E4252F785DE2009316FF /* Resources */ = {
			isa = PBXResourcesBuildPhase;
			buildActionMask = 2147483647;
			files = (
			);
			runOnlyForDeploymentPostprocessing = 0;
		};
		C4F7E4322F785DE3009316FF /* Resources */ = {
			isa = PBXResourcesBuildPhase;
			buildActionMask = 2147483647;
			files = (
			);
			runOnlyForDeploymentPostprocessing = 0;
		};
		C4F7E43C2F785DE3009316FF /* Resources */ = {
			isa = PBXResourcesBuildPhase;
			buildActionMask = 2147483647;
			files = (
			);
			runOnlyForDeploymentPostprocessing = 0;
		};
/* End PBXResourcesBuildPhase section */

/* Begin PBXSourcesBuildPhase section */
		C4F7E4232F785DE2009316FF /* Sources */ = {
			isa = PBXSourcesBuildPhase;
			buildActionMask = 2147483647;
			files = (
			);
			runOnlyForDeploymentPostprocessing = 0;
		};
		C4F7E4302F785DE3009316FF /* Sources */ = {
			isa = PBXSourcesBuildPhase;
			buildActionMask = 2147483647;
			files = (
			);
			runOnlyForDeploymentPostprocessing = 0;
		};
		C4F7E43A2F785DE3009316FF /* Sources */ = {
			isa = PBXSourcesBuildPhase;
			buildActionMask = 2147483647;
			files = (
			);
			runOnlyForDeploymentPostprocessing = 0;
		};
/* End PBXSourcesBuildPhase section */

/* Begin PBXTargetDependency section */
		C4F7E4362F785DE3009316FF /* PBXTargetDependency */ = {
			isa = PBXTargetDependency;
			target = C4F7E4262F785DE2009316FF /* VimulatorExample */;
			targetProxy = C4F7E4352F785DE3009316FF /* PBXContainerItemProxy */;
		};
		C4F7E4402F785DE3009316FF /* PBXTargetDependency */ = {
			isa = PBXTargetDependency;
			target = C4F7E4262F785DE2009316FF /* VimulatorExample */;
			targetProxy = C4F7E43F2F785DE3009316FF /* PBXContainerItemProxy */;
		};
/* End PBXTargetDependency section */

/* Begin XCBuildConfiguration section */
		C4F7E4462F785DE3009316FF /* Debug */ = {
			isa = XCBuildConfiguration;
			buildSettings = {
				ALWAYS_SEARCH_USER_PATHS = NO;
				ASSETCATALOG_COMPILER_GENERATE_SWIFT_ASSET_SYMBOL_EXTENSIONS = YES;
				CLANG_ANALYZER_NONNULL = YES;
				CLANG_ANALYZER_NUMBER_OBJECT_CONVERSION = YES_AGGRESSIVE;
				CLANG_CXX_LANGUAGE_STANDARD = "gnu++20";
				CLANG_ENABLE_MODULES = YES;
				CLANG_ENABLE_OBJC_ARC = YES;
				CLANG_ENABLE_OBJC_WEAK = YES;
				CLANG_WARN_BLOCK_CAPTURE_AUTORELEASING = YES;
				CLANG_WARN_BOOL_CONVERSION = YES;
				CLANG_WARN_COMMA = YES;
				CLANG_WARN_CONSTANT_CONVERSION = YES;
				CLANG_WARN_DEPRECATED_OBJC_IMPLEMENTATIONS = YES;
				CLANG_WARN_DIRECT_OBJC_ISA_USAGE = YES_ERROR;
				CLANG_WARN_DOCUMENTATION_COMMENTS = YES;
				CLANG_WARN_EMPTY_BODY = YES;
				CLANG_WARN_ENUM_CONVERSION = YES;
				CLANG_WARN_INFINITE_RECURSION = YES;
				CLANG_WARN_INT_CONVERSION = YES;
				CLANG_WARN_NON_LITERAL_NULL_CONVERSION = YES;
				CLANG_WARN_OBJC_IMPLICIT_RETAIN_SELF = YES;
				CLANG_WARN_OBJC_LITERAL_CONVERSION = YES;
				CLANG_WARN_OBJC_ROOT_CLASS = YES_ERROR;
				CLANG_WARN_QUOTED_INCLUDE_IN_FRAMEWORK_HEADER = YES;
				CLANG_WARN_RANGE_LOOP_ANALYSIS = YES;
				CLANG_WARN_STRICT_PROTOTYPES = YES;
				CLANG_WARN_SUSPICIOUS_MOVE = YES;
				CLANG_WARN_UNGUARDED_AVAILABILITY = YES_AGGRESSIVE;
				CLANG_WARN_UNREACHABLE_CODE = YES;
				CLANG_WARN__DUPLICATE_METHOD_MATCH = YES;
				COPY_PHASE_STRIP = NO;
				DEBUG_INFORMATION_FORMAT = dwarf;
				ENABLE_STRICT_OBJC_MSGSEND = YES;
				ENABLE_TESTABILITY = YES;
				ENABLE_USER_SCRIPT_SANDBOXING = YES;
				GCC_C_LANGUAGE_STANDARD = gnu17;
				GCC_DYNAMIC_NO_PIC = NO;
				GCC_NO_COMMON_BLOCKS = YES;
				GCC_OPTIMIZATION_LEVEL = 0;
				GCC_PREPROCESSOR_DEFINITIONS = (
					"DEBUG=1",
					"$(inherited)",
				);
				GCC_WARN_64_TO_32_BIT_CONVERSION = YES;
				GCC_WARN_ABOUT_RETURN_TYPE = YES_ERROR;
				GCC_WARN_UNDECLARED_SELECTOR = YES;
				GCC_WARN_UNINITIALIZED_AUTOS = YES_AGGRESSIVE;
				GCC_WARN_UNUSED_FUNCTION = YES;
				GCC_WARN_UNUSED_VARIABLE = YES;
				IPHONEOS_DEPLOYMENT_TARGET = 26.2;
				LOCALIZATION_PREFERS_STRING_CATALOGS = YES;
				MTL_ENABLE_DEBUG_INFO = INCLUDE_SOURCE;
				MTL_FAST_MATH = YES;
				ONLY_ACTIVE_ARCH = YES;
				SDKROOT = iphoneos;
				SWIFT_ACTIVE_COMPILATION_CONDITIONS = "DEBUG $(inherited)";
				SWIFT_OPTIMIZATION_LEVEL = "-Onone";
			};
			name = Debug;
		};
		C4F7E4472F785DE3009316FF /* Release */ = {
			isa = XCBuildConfiguration;
			buildSettings = {
				ALWAYS_SEARCH_USER_PATHS = NO;
				ASSETCATALOG_COMPILER_GENERATE_SWIFT_ASSET_SYMBOL_EXTENSIONS = YES;
				CLANG_ANALYZER_NONNULL = YES;
				CLANG_ANALYZER_NUMBER_OBJECT_CONVERSION = YES_AGGRESSIVE;
				CLANG_CXX_LANGUAGE_STANDARD = "gnu++20";
				CLANG_ENABLE_MODULES = YES;
				CLANG_ENABLE_OBJC_ARC = YES;
				CLANG_ENABLE_OBJC_WEAK = YES;
				CLANG_WARN_BLOCK_CAPTURE_AUTORELEASING = YES;
				CLANG_WARN_BOOL_CONVERSION = YES;
				CLANG_WARN_COMMA = YES;
				CLANG_WARN_CONSTANT_CONVERSION = YES;
				CLANG_WARN_DEPRECATED_OBJC_IMPLEMENTATIONS = YES;
				CLANG_WARN_DIRECT_OBJC_ISA_USAGE = YES_ERROR;
				CLANG_WARN_DOCUMENTATION_COMMENTS = YES;
				CLANG_WARN_EMPTY_BODY = YES;
				CLANG_WARN_ENUM_CONVERSION = YES;
				CLANG_WARN_INFINITE_RECURSION = YES;
				CLANG_WARN_INT_CONVERSION = YES;
				CLANG_WARN_NON_LITERAL_NULL_CONVERSION = YES;
				CLANG_WARN_OBJC_IMPLICIT_RETAIN_SELF = YES;
				CLANG_WARN_OBJC_LITERAL_CONVERSION = YES;
				CLANG_WARN_OBJC_ROOT_CLASS = YES_ERROR;
				CLANG_WARN_QUOTED_INCLUDE_IN_FRAMEWORK_HEADER = YES;
				CLANG_WARN_RANGE_LOOP_ANALYSIS = YES;
				CLANG_WARN_STRICT_PROTOTYPES = YES;
				CLANG_WARN_SUSPICIOUS_MOVE = YES;
				CLANG_WARN_UNGUARDED_AVAILABILITY = YES_AGGRESSIVE;
				CLANG_WARN_UNREACHABLE_CODE = YES;
				CLANG_WARN__DUPLICATE_METHOD_MATCH = YES;
				COPY_PHASE_STRIP = NO;
				DEBUG_INFORMATION_FORMAT = "dwarf-with-dsym";
				ENABLE_NS_ASSERTIONS = NO;
				ENABLE_STRICT_OBJC_MSGSEND = YES;
				ENABLE_USER_SCRIPT_SANDBOXING = YES;
				GCC_C_LANGUAGE_STANDARD = gnu17;
				GCC_NO_COMMON_BLOCKS = YES;
				GCC_WARN_64_TO_32_BIT_CONVERSION = YES;
				GCC_WARN_ABOUT_RETURN_TYPE = YES_ERROR;
				GCC_WARN_UNDECLARED_SELECTOR = YES;
				GCC_WARN_UNINITIALIZED_AUTOS = YES_AGGRESSIVE;
				GCC_WARN_UNUSED_FUNCTION = YES;
				GCC_WARN_UNUSED_VARIABLE = YES;
				IPHONEOS_DEPLOYMENT_TARGET = 26.2;
				LOCALIZATION_PREFERS_STRING_CATALOGS = YES;
				MTL_ENABLE_DEBUG_INFO = NO;
				MTL_FAST_MATH = YES;
				SDKROOT = iphoneos;
				SWIFT_COMPILATION_MODE = wholemodule;
				VALIDATE_PRODUCT = YES;
			};
			name = Release;
		};
		C4F7E4492F785DE3009316FF /* Debug */ = {
			isa = XCBuildConfiguration;
			buildSettings = {
				ASSETCATALOG_COMPILER_APPICON_NAME = AppIcon;
				ASSETCATALOG_COMPILER_GLOBAL_ACCENT_COLOR_NAME = AccentColor;
				CODE_SIGN_STYLE = Automatic;
				CURRENT_PROJECT_VERSION = 1;
				ENABLE_PREVIEWS = YES;
				GENERATE_INFOPLIST_FILE = YES;
				INFOPLIST_KEY_UIApplicationSceneManifest_Generation = YES;
				INFOPLIST_KEY_UIApplicationSupportsIndirectInputEvents = YES;
				INFOPLIST_KEY_UILaunchScreen_Generation = YES;
				INFOPLIST_KEY_UISupportedInterfaceOrientations_iPad = "UIInterfaceOrientationPortrait UIInterfaceOrientationPortraitUpsideDown UIInterfaceOrientationLandscapeLeft UIInterfaceOrientationLandscapeRight";
				INFOPLIST_KEY_UISupportedInterfaceOrientations_iPhone = "UIInterfaceOrientationPortrait UIInterfaceOrientationLandscapeLeft UIInterfaceOrientationLandscapeRight";
				LD_RUNPATH_SEARCH_PATHS = (
					"$(inherited)",
					"@executable_path/Frameworks",
				);
				MARKETING_VERSION = 1.0;
				PRODUCT_BUNDLE_IDENTIFIER = com.takumatt.VimulatorExample;
				PRODUCT_NAME = "$(TARGET_NAME)";
				STRING_CATALOG_GENERATE_SYMBOLS = YES;
				SWIFT_APPROACHABLE_CONCURRENCY = YES;
				SWIFT_DEFAULT_ACTOR_ISOLATION = MainActor;
				SWIFT_EMIT_LOC_STRINGS = YES;
				SWIFT_UPCOMING_FEATURE_MEMBER_IMPORT_VISIBILITY = YES;
				SWIFT_VERSION = 5.0;
				TARGETED_DEVICE_FAMILY = "1,2";
			};
			name = Debug;
		};
		C4F7E44A2F785DE3009316FF /* Release */ = {
			isa = XCBuildConfiguration;
			buildSettings = {
				ASSETCATALOG_COMPILER_APPICON_NAME = AppIcon;
				ASSETCATALOG_COMPILER_GLOBAL_ACCENT_COLOR_NAME = AccentColor;
				CODE_SIGN_STYLE = Automatic;
				CURRENT_PROJECT_VERSION = 1;
				ENABLE_PREVIEWS = YES;
				GENERATE_INFOPLIST_FILE = YES;
				INFOPLIST_KEY_UIApplicationSceneManifest_Generation = YES;
				INFOPLIST_KEY_UIApplicationSupportsIndirectInputEvents = YES;
				INFOPLIST_KEY_UILaunchScreen_Generation = YES;
				INFOPLIST_KEY_UISupportedInterfaceOrientations_iPad = "UIInterfaceOrientationPortrait UIInterfaceOrientationPortraitUpsideDown UIInterfaceOrientationLandscapeLeft UIInterfaceOrientationLandscapeRight";
				INFOPLIST_KEY_UISupportedInterfaceOrientations_iPhone = "UIInterfaceOrientationPortrait UIInterfaceOrientationLandscapeLeft UIInterfaceOrientationLandscapeRight";
				LD_RUNPATH_SEARCH_PATHS = (
					"$(inherited)",
					"@executable_path/Frameworks",
				);
				MARKETING_VERSION = 1.0;
				PRODUCT_BUNDLE_IDENTIFIER = com.takumatt.VimulatorExample;
				PRODUCT_NAME = "$(TARGET_NAME)";
				STRING_CATALOG_GENERATE_SYMBOLS = YES;
				SWIFT_APPROACHABLE_CONCURRENCY = YES;
				SWIFT_DEFAULT_ACTOR_ISOLATION = MainActor;
				SWIFT_EMIT_LOC_STRINGS = YES;
				SWIFT_UPCOMING_FEATURE_MEMBER_IMPORT_VISIBILITY = YES;
				SWIFT_VERSION = 5.0;
				TARGETED_DEVICE_FAMILY = "1,2";
			};
			name = Release;
		};
		C4F7E44C2F785DE3009316FF /* Debug */ = {
			isa = XCBuildConfiguration;
			buildSettings = {
				BUNDLE_LOADER = "$(TEST_HOST)";
				CODE_SIGN_STYLE = Automatic;
				CURRENT_PROJECT_VERSION = 1;
				GENERATE_INFOPLIST_FILE = YES;
				IPHONEOS_DEPLOYMENT_TARGET = 26.2;
				MARKETING_VERSION = 1.0;
				PRODUCT_BUNDLE_IDENTIFIER = com.takumatt.VimulatorExampleTests;
				PRODUCT_NAME = "$(TARGET_NAME)";
				STRING_CATALOG_GENERATE_SYMBOLS = NO;
				SWIFT_APPROACHABLE_CONCURRENCY = YES;
				SWIFT_EMIT_LOC_STRINGS = NO;
				SWIFT_UPCOMING_FEATURE_MEMBER_IMPORT_VISIBILITY = YES;
				SWIFT_VERSION = 5.0;
				TARGETED_DEVICE_FAMILY = "1,2";
				TEST_HOST = "$(BUILT_PRODUCTS_DIR)/VimulatorExample.app/$(BUNDLE_EXECUTABLE_FOLDER_PATH)/VimulatorExample";
			};
			name = Debug;
		};
		C4F7E44D2F785DE3009316FF /* Release */ = {
			isa = XCBuildConfiguration;
			buildSettings = {
				BUNDLE_LOADER = "$(TEST_HOST)";
				CODE_SIGN_STYLE = Automatic;
				CURRENT_PROJECT_VERSION = 1;
				GENERATE_INFOPLIST_FILE = YES;
				IPHONEOS_DEPLOYMENT_TARGET = 26.2;
				MARKETING_VERSION = 1.0;
				PRODUCT_BUNDLE_IDENTIFIER = com.takumatt.VimulatorExampleTests;
				PRODUCT_NAME = "$(TARGET_NAME)";
				STRING_CATALOG_GENERATE_SYMBOLS = NO;
				SWIFT_APPROACHABLE_CONCURRENCY = YES;
				SWIFT_EMIT_LOC_STRINGS = NO;
				SWIFT_UPCOMING_FEATURE_MEMBER_IMPORT_VISIBILITY = YES;
				SWIFT_VERSION = 5.0;
				TARGETED_DEVICE_FAMILY = "1,2";
				TEST_HOST = "$(BUILT_PRODUCTS_DIR)/VimulatorExample.app/$(BUNDLE_EXECUTABLE_FOLDER_PATH)/VimulatorExample";
			};
			name = Release;
		};
		C4F7E44F2F785DE3009316FF /* Debug */ = {
			isa = XCBuildConfiguration;
			buildSettings = {
				CODE_SIGN_STYLE = Automatic;
				CURRENT_PROJECT_VERSION = 1;
				GENERATE_INFOPLIST_FILE = YES;
				MARKETING_VERSION = 1.0;
				PRODUCT_BUNDLE_IDENTIFIER = com.takumatt.VimulatorExampleUITests;
				PRODUCT_NAME = "$(TARGET_NAME)";
				STRING_CATALOG_GENERATE_SYMBOLS = NO;
				SWIFT_APPROACHABLE_CONCURRENCY = YES;
				SWIFT_EMIT_LOC_STRINGS = NO;
				SWIFT_UPCOMING_FEATURE_MEMBER_IMPORT_VISIBILITY = YES;
				SWIFT_VERSION = 5.0;
				TARGETED_DEVICE_FAMILY = "1,2";
				TEST_TARGET_NAME = VimulatorExample;
			};
			name = Debug;
		};
		C4F7E4502F785DE3009316FF /* Release */ = {
			isa = XCBuildConfiguration;
			buildSettings = {
				CODE_SIGN_STYLE = Automatic;
				CURRENT_PROJECT_VERSION = 1;
				GENERATE_INFOPLIST_FILE = YES;
				MARKETING_VERSION = 1.0;
				PRODUCT_BUNDLE_IDENTIFIER = com.takumatt.VimulatorExampleUITests;
				PRODUCT_NAME = "$(TARGET_NAME)";
				STRING_CATALOG_GENERATE_SYMBOLS = NO;
				SWIFT_APPROACHABLE_CONCURRENCY = YES;
				SWIFT_EMIT_LOC_STRINGS = NO;
				SWIFT_UPCOMING_FEATURE_MEMBER_IMPORT_VISIBILITY = YES;
				SWIFT_VERSION = 5.0;
				TARGETED_DEVICE_FAMILY = "1,2";
				TEST_TARGET_NAME = VimulatorExample;
			};
			name = Release;
		};
/* End XCBuildConfiguration section */

/* Begin XCConfigurationList section */
		C4F7E4222F785DE2009316FF /* Build configuration list for PBXProject "VimulatorExample" */ = {
			isa = XCConfigurationList;
			buildConfigurations = (
				C4F7E4462F785DE3009316FF /* Debug */,
				C4F7E4472F785DE3009316FF /* Release */,
			);
			defaultConfigurationIsVisible = 0;
			defaultConfigurationName = Release;
		};
		C4F7E4482F785DE3009316FF /* Build configuration list for PBXNativeTarget "VimulatorExample" */ = {
			isa = XCConfigurationList;
			buildConfigurations = (
				C4F7E4492F785DE3009316FF /* Debug */,
				C4F7E44A2F785DE3009316FF /* Release */,
			);
			defaultConfigurationIsVisible = 0;
			defaultConfigurationName = Release;
		};
		C4F7E44B2F785DE3009316FF /* Build configuration list for PBXNativeTarget "VimulatorExampleTests" */ = {
			isa = XCConfigurationList;
			buildConfigurations = (
				C4F7E44C2F785DE3009316FF /* Debug */,
				C4F7E44D2F785DE3009316FF /* Release */,
			);
			defaultConfigurationIsVisible = 0;
			defaultConfigurationName = Release;
		};
		C4F7E44E2F785DE3009316FF /* Build configuration list for PBXNativeTarget "VimulatorExampleUITests" */ = {
			isa = XCConfigurationList;
			buildConfigurations = (
				C4F7E44F2F785DE3009316FF /* Debug */,
				C4F7E4502F785DE3009316FF /* Release */,
			);
			defaultConfigurationIsVisible = 0;
			defaultConfigurationName = Release;
		};
/* End XCConfigurationList section */

/* Begin XCLocalSwiftPackageReference section */
		C4F7E4512F785E30009316FF /* XCLocalSwiftPackageReference "../../../vimulator" */ = {
			isa = XCLocalSwiftPackageReference;
			relativePath = ../../../vimulator;
		};
/* End XCLocalSwiftPackageReference section */

/* Begin XCSwiftPackageProductDependency section */
		C4F7E4532F785E43009316FF /* Vimulator */ = {
			isa = XCSwiftPackageProductDependency;
			package = C4F7E4512F785E30009316FF /* XCLocalSwiftPackageReference "../../../vimulator" */;
			productName = Vimulator;
		};
/* End XCSwiftPackageProductDependency section */
	};
	rootObject = C4F7E41F2F785DE2009316FF /* Project object */;
}
